
Microsoft Visual Studio Solution File, Format Version 12.00
# Visual Studio 15
VisualStudioVersion = 15.0.27703.2035
MinimumVisualStudioVersion = 10.0.40219.1
Project("{9A19103F-16F7-4668-BE54-9A1E7A4F7556}") = "RabbitMQClient", "RabbitMQClient\RabbitMQClient.csproj", "{B1CAB422-FEC5-407C-AD4C-3CB8FF534442}"
EndProject
Project("{9A19103F-16F7-4668-BE54-9A1E7A4F7556}") = "XUnitTestProject1", "XUnitTestProject1\XUnitTestProject1.csproj", "{43521238-B692-475B-B2E4-B6720BD248C6}"
EndProject
Project("{9A19103F-16F7-4668-BE54-9A1E7A4F7556}") = "ReceiverEngine", "ReceiverEngine\ReceiverEngine.csproj", "{6949DC56-67BB-4FFB-B056-A600C3A8B2A9}"
EndProject
Project("{9A19103F-16F7-4668-BE54-9A1E7A4F7556}") = "Receiver", "Receiver\Receiver.csproj", "{6BB7D80B-7446-4859-92F6-BFFFD160C14A}"
EndProject
Global
	GlobalSection(SolutionConfigurationPlatforms) = preSolution
		Debug|Any CPU = Debug|Any CPU
		Release|Any CPU = Release|Any CPU
	EndGlobalSection
	GlobalSection(ProjectConfigurationPlatforms) = postSolution
		{B1CAB422-FEC5-407C-AD4C-3CB8FF534442}.Debug|Any CPU.ActiveCfg = Debug|Any CPU
		{B1CAB422-FEC5-407C-AD4C-3CB8FF534442}.Debug|Any CPU.Build.0 = Debug|Any CPU
		{B1CAB422-FEC5-407C-AD4C-3CB8FF534442}.Release|Any CPU.ActiveCfg = Release|Any CPU
		{B1CAB422-FEC5-407C-AD4C-3CB8FF534442}.Release|Any CPU.Build.0 = Release|Any CPU
		{43521238-B692-475B-B2E4-B6720BD248C6}.Debug|Any CPU.ActiveCfg = Debug|Any CPU
		{43521238-B692-475B-B2E4-B6720BD248C6}.Debug|Any CPU.Build.0 = Debug|Any CPU
		{43521238-B692-475B-B2E4-B6720BD248C6}.Release|Any CPU.ActiveCfg = Release|Any CPU
		{43521238-B692-475B-B2E4-B6720BD248C6}.Release|Any CPU.Build.0 = Release|Any CPU
		{6949DC56-67BB-4FFB-B056-A600C3A8B2A9}.Debug|Any CPU.ActiveCfg = Debug|Any CPU
		{6949DC56-67BB-4FFB-B056-A600C3A8B2A9}.Debug|Any CPU.Build.0 = Debug|Any CPU
		{6949DC56-67BB-4FFB-B056-A600C3A8B2A9}.Release|Any CPU.ActiveCfg = Release|Any CPU
		{6949DC56-67BB-4FFB-B056-A600C3A8B2A9}.Release|Any CPU.Build.0 = Release|Any CPU
		{6BB7D80B-7446-4859-92F6-BFFFD160C14A}.Debug|Any CPU.ActiveCfg = Debug|Any CPU
		{6BB7D80B-7446-4859-92F6-BFFFD160C14A}.Debug|Any CPU.Build.0 = Debug|Any CPU
		{6BB7D80B-7446-4859-92F6-BFFFD160C14A}.Release|Any CPU.ActiveCfg = Release|Any CPU
		{6BB7D80B-7446-4859-92F6-BFFFD160C14A}.Release|Any CPU.Build.0 = Release|Any CPU
	EndGlobalSection
	GlobalSection(SolutionProperties) = preSolution
		HideSolutionNode = FALSE
	EndGlobalSection
	GlobalSection(ExtensibilityGlobals) = postSolution
		SolutionGuid = {74B40E24-D9D9-464E-9C79-597EFBA4E1DD}
	EndGlobalSection
EndGlobal
